
Microsoft Visual Studio Solution File, Format Version 12.00
# Visual Studio Version 17
VisualStudioVersion = 17.8.34330.188
MinimumVisualStudioVersion = 10.0.40219.1
Project("{FAE04EC0-301F-11D3-BF4B-00C04F79EFBC}") = "AoC2023_01", "AoC2023_01\AoC2023_01.csproj", "{518C91AE-3EDD-4216-A8FA-7E7447578080}"
EndProject
Global
	GlobalSection(SolutionConfigurationPlatforms) = preSolution
		Debug|Any CPU = Debug|Any CPU
		Release|Any CPU = Release|Any CPU
	EndGlobalSection
	GlobalSection(ProjectConfigurationPlatforms) = postSolution
		{518C91AE-3EDD-4216-A8FA-7E7447578080}.Debug|Any CPU.ActiveCfg = Debug|Any CPU
		{518C91AE-3EDD-4216-A8FA-7E7447578080}.Debug|Any CPU.Build.0 = Debug|Any CPU
		{518C91AE-3EDD-4216-A8FA-7E7447578080}.Release|Any CPU.ActiveCfg = Release|Any CPU
		{518C91AE-3EDD-4216-A8FA-7E7447578080}.Release|Any CPU.Build.0 = Release|Any CPU
	EndGlobalSection
	GlobalSection(SolutionProperties) = preSolution
		HideSolutionNode = FALSE
	EndGlobalSection
	GlobalSection(ExtensibilityGlobals) = postSolution
		SolutionGuid = {EA270032-2D29-4170-B986-4C98A70C6464}
	EndGlobalSection
EndGlobal
